
Microsoft Visual Studio Solution File, Format Version 12.00
# Visual Studio 15
VisualStudioVersion = 15.0.27703.2018
MinimumVisualStudioVersion = 10.0.40219.1
Project("{FAE04EC0-301F-11D3-BF4B-00C04F79EFBC}") = "VehicleWcfService", "VehicleWcfService\VehicleWcfService.csproj", "{353C7131-4452-4561-A00A-2948B6E23A8D}"
EndProject
Project("{2150E333-8FDC-42A3-9474-1A3956D46DE8}") = "Solution Items", "Solution Items", "{2DB0ABA5-A60D-4970-8AA7-D3B4943DCA5A}"
	ProjectSection(SolutionItems) = preProject
		.editorconfig = .editorconfig
		.gitattributes = .gitattributes
		.gitignore = .gitignore
		DatabaseInit.sql = DatabaseInit.sql
		README.md = README.md
	EndProjectSection
EndProject
Global
	GlobalSection(SolutionConfigurationPlatforms) = preSolution
		Debug|Any CPU = Debug|Any CPU
		Release|Any CPU = Release|Any CPU
	EndGlobalSection
	GlobalSection(ProjectConfigurationPlatforms) = postSolution
		{353C7131-4452-4561-A00A-2948B6E23A8D}.Debug|Any CPU.ActiveCfg = Debug|Any CPU
		{353C7131-4452-4561-A00A-2948B6E23A8D}.Debug|Any CPU.Build.0 = Debug|Any CPU
		{353C7131-4452-4561-A00A-2948B6E23A8D}.Release|Any CPU.ActiveCfg = Release|Any CPU
		{353C7131-4452-4561-A00A-2948B6E23A8D}.Release|Any CPU.Build.0 = Release|Any CPU
	EndGlobalSection
	GlobalSection(SolutionProperties) = preSolution
		HideSolutionNode = FALSE
	EndGlobalSection
	GlobalSection(ExtensibilityGlobals) = postSolution
		SolutionGuid = {74125E55-7248-4AFA-9E83-45BC65883A7D}
	EndGlobalSection
EndGlobal
